// !$*UTF8*$!
{
	archiveVersion = 1;
	classes = {
	};
	objectVersion = 55;
	objects = {

/* Begin PBXBuildFile section */
		84037D0D2B04A58D00CB24F3 /* DashboardLalinModel.swift in Sources */ = {isa = PBXBuildFile; fileRef = 84037D0C2B04A58D00CB24F3 /* DashboardLalinModel.swift */; };
		8408F6882BEF2914006E2386 /* SetLocalStorage.swift in Sources */ = {isa = PBXBuildFile; fileRef = 8408F6872BEF2914006E2386 /* SetLocalStorage.swift */; };
		840E1CB7294493D0007788BC /* DetailEventLalin.swift in Sources */ = {isa = PBXBuildFile; fileRef = 840E1CB6294493D0007788BC /* DetailEventLalin.swift */; };
		842ED97F2ACD15C0003A2F13 /* datakegiatan.json in Resources */ = {isa = PBXBuildFile; fileRef = 842ED97E2ACD15BF003A2F13 /* datakegiatan.json */; };
		845B42F32AD6315E0080045F /* perjalur.json in Resources */ = {isa = PBXBuildFile; fileRef = 845B42F22AD6315E0080045F /* perjalur.json */; };
		845F35812AC27FF50046D0D3 /* xample.json in Resources */ = {isa = PBXBuildFile; fileRef = 845F35802AC27FF50046D0D3 /* xample.json */; };
		846D781B2AF4560600B4DAAE /* WaterLevelSensor.swift in Sources */ = {isa = PBXBuildFile; fileRef = 846D781A2AF4560600B4DAAE /* WaterLevelSensor.swift */; };
		846E75262BEAEFC70079ADDF /* VideoPlayer.swift in Sources */ = {isa = PBXBuildFile; fileRef = 846E75252BEAEFC70079ADDF /* VideoPlayer.swift */; };
		84705DA62AF3DD3B000732D0 /* RuasView.swift in Sources */ = {isa = PBXBuildFile; fileRef = 84705DA52AF3DD3B000732D0 /* RuasView.swift */; };
		8490317229363E47003A8280 /* CctvCarousel.swift in Sources */ = {isa = PBXBuildFile; fileRef = 8490317129363E47003A8280 /* CctvCarousel.swift */; };
		8494E4B5294AACC600AC11FE /* GangguanLalinModel.swift in Sources */ = {isa = PBXBuildFile; fileRef = 8494E4B4294AACC600AC11FE /* GangguanLalinModel.swift */; };
		8494E4B7294AB23A00AC11FE /* GangguanModal.swift in Sources */ = {isa = PBXBuildFile; fileRef = 8494E4B6294AB23A00AC11FE /* GangguanModal.swift */; };
		8494E4B9294ABC6100AC11FE /* RekaysaLalinModel.swift in Sources */ = {isa = PBXBuildFile; fileRef = 8494E4B8294ABC6100AC11FE /* RekaysaLalinModel.swift */; };
		8494E4BB294ABF5500AC11FE /* RekayasaLalinModal.swift in Sources */ = {isa = PBXBuildFile; fileRef = 8494E4BA294ABF5500AC11FE /* RekayasaLalinModal.swift */; };
		8494E4BD294AC27600AC11FE /* LineRekayasaLalinModel.swift in Sources */ = {isa = PBXBuildFile; fileRef = 8494E4BC294AC27600AC11FE /* LineRekayasaLalinModel.swift */; };
		8494E4BF294AF68300AC11FE /* BatasKmModel.swift in Sources */ = {isa = PBXBuildFile; fileRef = 8494E4BE294AF68300AC11FE /* BatasKmModel.swift */; };
		8494E4C1294B031F00AC11FE /* JalanPenghubungModel.swift in Sources */ = {isa = PBXBuildFile; fileRef = 8494E4C0294B031F00AC11FE /* JalanPenghubungModel.swift */; };
		8494E4C3294B0EBE00AC11FE /* GerbangTollModel.swift in Sources */ = {isa = PBXBuildFile; fileRef = 8494E4C2294B0EBE00AC11FE /* GerbangTollModel.swift */; };
		8494E4C5294B13B100AC11FE /* GerbangTollModal.swift in Sources */ = {isa = PBXBuildFile; fileRef = 8494E4C4294B13B100AC11FE /* GerbangTollModal.swift */; };
		84A0B4DD2947EEED006260FD /* vmsModel.swift in Sources */ = {isa = PBXBuildFile; fileRef = 84A0B4DC2947EEED006260FD /* vmsModel.swift */; };
		84A0B4DF2947FE1F006260FD /* vmsModal.swift in Sources */ = {isa = PBXBuildFile; fileRef = 84A0B4DE2947FE1F006260FD /* vmsModal.swift */; };
		84A2898B2B040C8100B665C7 /* DataGangguan.swift in Sources */ = {isa = PBXBuildFile; fileRef = 84A2898A2B040C8100B665C7 /* DataGangguan.swift */; };
		84A2898E2B0443BD00B665C7 /* MonitoringAlat.swift in Sources */ = {isa = PBXBuildFile; fileRef = 84A2898D2B0443BD00B665C7 /* MonitoringAlat.swift */; };
		84B86DB72C1AA32C0067159F /* SheetDetentsModifier in Frameworks */ = {isa = PBXBuildFile; productRef = 84B86DB62C1AA32C0067159F /* SheetDetentsModifier */; };
		84BEBD792951B4420052A189 /* FirebaseAnalytics in Frameworks */ = {isa = PBXBuildFile; productRef = 84BEBD782951B4420052A189 /* FirebaseAnalytics */; };
		84BEBD812951B4420052A189 /* FirebaseMessaging in Frameworks */ = {isa = PBXBuildFile; productRef = 84BEBD802951B4420052A189 /* FirebaseMessaging */; };
		84C057D52C05D10800E7DEB3 /* GoogleService-Info.plist in Resources */ = {isa = PBXBuildFile; fileRef = 84C057D42C05D10800E7DEB3 /* GoogleService-Info.plist */; };
		84CEE4D42919201D0092B333 /* SplashScrean.swift in Sources */ = {isa = PBXBuildFile; fileRef = 84CEE4D32919201D0092B333 /* SplashScrean.swift */; };
		84CEE4D62919270D0092B333 /* AntrianPage.swift in Sources */ = {isa = PBXBuildFile; fileRef = 84CEE4D52919270D0092B333 /* AntrianPage.swift */; };
		84CEE4D829192C900092B333 /* RealtimePage.swift in Sources */ = {isa = PBXBuildFile; fileRef = 84CEE4D729192C900092B333 /* RealtimePage.swift */; };
		84CEE4DB2919DD960092B333 /* PopupView in Frameworks */ = {isa = PBXBuildFile; productRef = 84CEE4DA2919DD960092B333 /* PopupView */; };
		84D7EA7829529F9800F98EF7 /* HistoriNotifModel.swift in Sources */ = {isa = PBXBuildFile; fileRef = 84D7EA7729529F9800F98EF7 /* HistoriNotifModel.swift */; };
		84D7EA7A2952A33500F98EF7 /* HistoriNotif.swift in Sources */ = {isa = PBXBuildFile; fileRef = 84D7EA792952A33500F98EF7 /* HistoriNotif.swift */; };
		84D94FF42955BA7400637CED /* lalin.json in Resources */ = {isa = PBXBuildFile; fileRef = 84D94FF22955BA7400637CED /* lalin.json */; };
		84D94FF52955BA7400637CED /* toll.json in Resources */ = {isa = PBXBuildFile; fileRef = 84D94FF32955BA7400637CED /* toll.json */; };
		84DBF789294C695800B6578C /* RestAreaModel.swift in Sources */ = {isa = PBXBuildFile; fileRef = 84DBF788294C695800B6578C /* RestAreaModel.swift */; };
		84DBF78B294D3C6B00B6578C /* ResAreaModal.swift in Sources */ = {isa = PBXBuildFile; fileRef = 84DBF78A294D3C6B00B6578C /* ResAreaModal.swift */; };
		84DBF78D294D750F00B6578C /* RtmsModel.swift in Sources */ = {isa = PBXBuildFile; fileRef = 84DBF78C294D750F00B6578C /* RtmsModel.swift */; };
		84DBF78F294D76E300B6578C /* RtmsModal.swift in Sources */ = {isa = PBXBuildFile; fileRef = 84DBF78E294D76E300B6578C /* RtmsModal.swift */; };
		84DBF791294D966E00B6578C /* Rtms2Model.swift in Sources */ = {isa = PBXBuildFile; fileRef = 84DBF790294D966E00B6578C /* Rtms2Model.swift */; };
		84DBF793294D983C00B6578C /* Rtms2Modal.swift in Sources */ = {isa = PBXBuildFile; fileRef = 84DBF792294D983C00B6578C /* Rtms2Modal.swift */; };
		84DBF795294DA14200B6578C /* RadarModel.swift in Sources */ = {isa = PBXBuildFile; fileRef = 84DBF794294DA14200B6578C /* RadarModel.swift */; };
		84DBF797294DA45100B6578C /* RadarModal.swift in Sources */ = {isa = PBXBuildFile; fileRef = 84DBF796294DA45100B6578C /* RadarModal.swift */; };
		84DBF79B294DB2BB00B6578C /* SpeedModel.swift in Sources */ = {isa = PBXBuildFile; fileRef = 84DBF79A294DB2BB00B6578C /* SpeedModel.swift */; };
		84DBF79D294DB62500B6578C /* SpeedModal.swift in Sources */ = {isa = PBXBuildFile; fileRef = 84DBF79C294DB62500B6578C /* SpeedModal.swift */; };
		84DBF79F294EC46F00B6578C /* WaterLevelModel.swift in Sources */ = {isa = PBXBuildFile; fileRef = 84DBF79E294EC46F00B6578C /* WaterLevelModel.swift */; };
		84DBF7A1294EC90000B6578C /* WaterLevelModal.swift in Sources */ = {isa = PBXBuildFile; fileRef = 84DBF7A0294EC90000B6578C /* WaterLevelModal.swift */; };
		84DBF7A3294ECC5000B6578C /* PompaBanjirModel.swift in Sources */ = {isa = PBXBuildFile; fileRef = 84DBF7A2294ECC5000B6578C /* PompaBanjirModel.swift */; };
		84DBF7A5294ECD7C00B6578C /* PompaBanjirModal.swift in Sources */ = {isa = PBXBuildFile; fileRef = 84DBF7A4294ECD7C00B6578C /* PompaBanjirModal.swift */; };
		84DBF7A7294ED77F00B6578C /* WimModel.swift in Sources */ = {isa = PBXBuildFile; fileRef = 84DBF7A6294ED77F00B6578C /* WimModel.swift */; };
		84DBF7A9294EDA2E00B6578C /* WimModal.swift in Sources */ = {isa = PBXBuildFile; fileRef = 84DBF7A8294EDA2E00B6578C /* WimModal.swift */; };
		84DBF7AB294EDE6B00B6578C /* BikeModel.swift in Sources */ = {isa = PBXBuildFile; fileRef = 84DBF7AA294EDE6B00B6578C /* BikeModel.swift */; };
		84DBF7AD294EDFE900B6578C /* GpsKendaraanModel.swift in Sources */ = {isa = PBXBuildFile; fileRef = 84DBF7AC294EDFE900B6578C /* GpsKendaraanModel.swift */; };
		84E8BCA42954984A00815AF9 /* MidasModel.swift in Sources */ = {isa = PBXBuildFile; fileRef = 84E8BCA32954984A00815AF9 /* MidasModel.swift */; };
		84FE5F422AB947C1002DAE6B /* MainDashboard.swift in Sources */ = {isa = PBXBuildFile; fileRef = 84FE5F412AB947C1002DAE6B /* MainDashboard.swift */; };
		84FE5F492ABAF55C002DAE6B /* DashLaluLintas.swift in Sources */ = {isa = PBXBuildFile; fileRef = 84FE5F482ABAF55C002DAE6B /* DashLaluLintas.swift */; };
		84FE5F502ABAF5CE002DAE6B /* DataPemeliharaan.swift in Sources */ = {isa = PBXBuildFile; fileRef = 84FE5F4F2ABAF5CE002DAE6B /* DataPemeliharaan.swift */; };
		FA0BBEDC28E295CD000278C6 /* SegmentModel.swift in Sources */ = {isa = PBXBuildFile; fileRef = FA0BBEDB28E295CD000278C6 /* SegmentModel.swift */; };
		FA11848E28A0F636005C61AF /* SwiftyJSON in Frameworks */ = {isa = PBXBuildFile; productRef = FA11848D28A0F636005C61AF /* SwiftyJSON */; };
		FA16400B28D953E100954717 /* SegmentRuas.swift in Sources */ = {isa = PBXBuildFile; fileRef = FA16400A28D953E100954717 /* SegmentRuas.swift */; };
		FA16400D28D954D200954717 /* Writer.swift in Sources */ = {isa = PBXBuildFile; fileRef = FA16400C28D954D200954717 /* Writer.swift */; };
		FA16400F28DAEB0B00954717 /* KejadianLalin.swift in Sources */ = {isa = PBXBuildFile; fileRef = FA16400E28DAEB0B00954717 /* KejadianLalin.swift */; };
		FA16401328DB490F00954717 /* MenuDashboard.swift in Sources */ = {isa = PBXBuildFile; fileRef = FA16401228DB490F00954717 /* MenuDashboard.swift */; };
		FA16401528DBE02A00954717 /* WebviewDashboard.swift in Sources */ = {isa = PBXBuildFile; fileRef = FA16401428DBE02900954717 /* WebviewDashboard.swift */; };
		FA16401728DBE35800954717 /* WebviewPresent.swift in Sources */ = {isa = PBXBuildFile; fileRef = FA16401628DBE35800954717 /* WebviewPresent.swift */; };
		FA32DA8C28B3D1B5006C6B0F /* PemeliharaanModel.swift in Sources */ = {isa = PBXBuildFile; fileRef = FA32DA8B28B3D1B5006C6B0F /* PemeliharaanModel.swift */; };
		FA3E42DE28A3620E00C30323 /* catatan.swift in Sources */ = {isa = PBXBuildFile; fileRef = FA3E42DD28A3620E00C30323 /* catatan.swift */; };
		FA3E42E428A3732600C30323 /* RestApiController.swift in Sources */ = {isa = PBXBuildFile; fileRef = FA3E42E328A3732600C30323 /* RestApiController.swift */; };
		FA3E42E628A38A7B00C30323 /* ColorSet.swift in Sources */ = {isa = PBXBuildFile; fileRef = FA3E42E528A38A7B00C30323 /* ColorSet.swift */; };
		FA3E42F228A3B9D500C30323 /* LoginModel.swift in Sources */ = {isa = PBXBuildFile; fileRef = FA3E42F128A3B9D500C30323 /* LoginModel.swift */; };
		FA6BF78F289EC043006EECC0 /* JID_COMApp.swift in Sources */ = {isa = PBXBuildFile; fileRef = FA6BF78E289EC043006EECC0 /* JID_COMApp.swift */; };
		FA6BF791289EC043006EECC0 /* ContentView.swift in Sources */ = {isa = PBXBuildFile; fileRef = FA6BF790289EC043006EECC0 /* ContentView.swift */; };
		FA6BF793289EC047006EECC0 /* Assets.xcassets in Resources */ = {isa = PBXBuildFile; fileRef = FA6BF792289EC047006EECC0 /* Assets.xcassets */; };
		FA6BF796289EC047006EECC0 /* Preview Assets.xcassets in Resources */ = {isa = PBXBuildFile; fileRef = FA6BF795289EC047006EECC0 /* Preview Assets.xcassets */; };
		FA6BF79D289EC071006EECC0 /* MapBoxMapView.swift in Sources */ = {isa = PBXBuildFile; fileRef = FA6BF79C289EC070006EECC0 /* MapBoxMapView.swift */; };
		FA7A2A3A28F1B4B4005672CC /* Layerset.swift in Sources */ = {isa = PBXBuildFile; fileRef = FA7A2A3928F1B4B4005672CC /* Layerset.swift */; };
		FA7A2A3C28F290B3005672CC /* LayerList.swift in Sources */ = {isa = PBXBuildFile; fileRef = FA7A2A3B28F290B3005672CC /* LayerList.swift */; };
		FA7B35A228B343DB0022FCC1 /* TollModel.swift in Sources */ = {isa = PBXBuildFile; fileRef = FA7B35A128B343DB0022FCC1 /* TollModel.swift */; };
		FA7B35A428B348A10022FCC1 /* LalinModel.swift in Sources */ = {isa = PBXBuildFile; fileRef = FA7B35A328B348A10022FCC1 /* LalinModel.swift */; };
		FA7FE4C928A4D9ED00669633 /* Alamofire in Frameworks */ = {isa = PBXBuildFile; productRef = FA7FE4C828A4D9ED00669633 /* Alamofire */; };
		FA7FE4CB28A56DB200669633 /* GetIP.swift in Sources */ = {isa = PBXBuildFile; fileRef = FA7FE4CA28A56DB200669633 /* GetIP.swift */; };
		FA7FE4CD28A6472500669633 /* ConManager.swift in Sources */ = {isa = PBXBuildFile; fileRef = FA7FE4CC28A6472500669633 /* ConManager.swift */; };
		FA8A12A928E2B3F700EECFD3 /* CctvSegemnt.swift in Sources */ = {isa = PBXBuildFile; fileRef = FA8A12A828E2B3F700EECFD3 /* CctvSegemnt.swift */; };
		FA8A12AB28E2CE8A00EECFD3 /* ListCctvModel.swift in Sources */ = {isa = PBXBuildFile; fileRef = FA8A12AA28E2CE8A00EECFD3 /* ListCctvModel.swift */; };
		FA8A12AD28E3EDFF00EECFD3 /* CctvMapModel.swift in Sources */ = {isa = PBXBuildFile; fileRef = FA8A12AC28E3EDFE00EECFD3 /* CctvMapModel.swift */; };
		FA8A12AF28E427C900EECFD3 /* ImageLoad.swift in Sources */ = {isa = PBXBuildFile; fileRef = FA8A12AE28E427C900EECFD3 /* ImageLoad.swift */; };
		FA8A12B328E4364A00EECFD3 /* WriteImg.swift in Sources */ = {isa = PBXBuildFile; fileRef = FA8A12B228E4364A00EECFD3 /* WriteImg.swift */; };
		FA8A12B628E48FD300EECFD3 /* SDWebImageSwiftUI in Frameworks */ = {isa = PBXBuildFile; productRef = FA8A12B528E48FD300EECFD3 /* SDWebImageSwiftUI */; };
		FA8A12BC28E52D1E00EECFD3 /* SnapImgSingle.swift in Sources */ = {isa = PBXBuildFile; fileRef = FA8A12BB28E52D1E00EECFD3 /* SnapImgSingle.swift */; };
		FA8A12C128E566E500EECFD3 /* SDWebImage in Frameworks */ = {isa = PBXBuildFile; productRef = FA8A12C028E566E500EECFD3 /* SDWebImage */; };
		FAAFB0AC28D06E7700F8DE63 /* MainPage.swift in Sources */ = {isa = PBXBuildFile; fileRef = FAAFB0AB28D06E7700F8DE63 /* MainPage.swift */; };
		FAAFB0B228D2AB3E00F8DE63 /* HomePage.swift in Sources */ = {isa = PBXBuildFile; fileRef = FAAFB0B128D2AB3E00F8DE63 /* HomePage.swift */; };
		FAAFB0B428D2DC0D00F8DE63 /* CctvPage.swift in Sources */ = {isa = PBXBuildFile; fileRef = FAAFB0B328D2DC0C00F8DE63 /* CctvPage.swift */; };
		FAAFB0B828D2F83300F8DE63 /* Ruasmodel.swift in Sources */ = {isa = PBXBuildFile; fileRef = FAAFB0B728D2F83300F8DE63 /* Ruasmodel.swift */; };
		FABA168D28B2020300BFD24D /* BottomSheet in Frameworks */ = {isa = PBXBuildFile; productRef = FABA168C28B2020300BFD24D /* BottomSheet */; };
		FABA168F28B326D500BFD24D /* SetBottomSheet.swift in Sources */ = {isa = PBXBuildFile; fileRef = FABA168E28B326D500BFD24D /* SetBottomSheet.swift */; };
		FABA169228B327AC00BFD24D /* LoginPage.swift in Sources */ = {isa = PBXBuildFile; fileRef = FABA169128B327AC00BFD24D /* LoginPage.swift */; };
		FABA169428B327C600BFD24D /* MapPage.swift in Sources */ = {isa = PBXBuildFile; fileRef = FABA169328B327C600BFD24D /* MapPage.swift */; };
		FAC0E65328BCA877007146E5 /* PemeliharaanComponent.swift in Sources */ = {isa = PBXBuildFile; fileRef = FAC0E65228BCA877007146E5 /* PemeliharaanComponent.swift */; };
		FAC0E65528BCA99D007146E5 /* Initdata.swift in Sources */ = {isa = PBXBuildFile; fileRef = FAC0E65428BCA99D007146E5 /* Initdata.swift */; };
		FAC0E65728BCAA00007146E5 /* Dataset.swift in Sources */ = {isa = PBXBuildFile; fileRef = FAC0E65628BCAA00007146E5 /* Dataset.swift */; };
		FAD134AB29068AD60036D231 /* Turf.xcframework in Frameworks */ = {isa = PBXBuildFile; fileRef = FAD134A629068AD50036D231 /* Turf.xcframework */; };
		FAD134AC29068AD60036D231 /* Turf.xcframework in Embed Frameworks */ = {isa = PBXBuildFile; fileRef = FAD134A629068AD50036D231 /* Turf.xcframework */; settings = {ATTRIBUTES = (CodeSignOnCopy, RemoveHeadersOnCopy, ); }; };
		FAD134AD29068AD60036D231 /* MapboxMaps.xcframework in Frameworks */ = {isa = PBXBuildFile; fileRef = FAD134A729068AD50036D231 /* MapboxMaps.xcframework */; };
		FAD134AE29068AD60036D231 /* MapboxMaps.xcframework in Embed Frameworks */ = {isa = PBXBuildFile; fileRef = FAD134A729068AD50036D231 /* MapboxMaps.xcframework */; settings = {ATTRIBUTES = (CodeSignOnCopy, RemoveHeadersOnCopy, ); }; };
		FAD134AF29068AD60036D231 /* MapboxCommon.xcframework in Frameworks */ = {isa = PBXBuildFile; fileRef = FAD134A829068AD50036D231 /* MapboxCommon.xcframework */; };
		FAD134B029068AD60036D231 /* MapboxCommon.xcframework in Embed Frameworks */ = {isa = PBXBuildFile; fileRef = FAD134A829068AD50036D231 /* MapboxCommon.xcframework */; settings = {ATTRIBUTES = (CodeSignOnCopy, RemoveHeadersOnCopy, ); }; };
		FAD134B129068AD60036D231 /* MapboxMobileEvents.xcframework in Frameworks */ = {isa = PBXBuildFile; fileRef = FAD134A929068AD50036D231 /* MapboxMobileEvents.xcframework */; };
		FAD134B229068AD60036D231 /* MapboxMobileEvents.xcframework in Embed Frameworks */ = {isa = PBXBuildFile; fileRef = FAD134A929068AD50036D231 /* MapboxMobileEvents.xcframework */; settings = {ATTRIBUTES = (CodeSignOnCopy, RemoveHeadersOnCopy, ); }; };
		FAD134B329068AD60036D231 /* MapboxCoreMaps.xcframework in Frameworks */ = {isa = PBXBuildFile; fileRef = FAD134AA29068AD50036D231 /* MapboxCoreMaps.xcframework */; };
		FAD134B429068AD60036D231 /* MapboxCoreMaps.xcframework in Embed Frameworks */ = {isa = PBXBuildFile; fileRef = FAD134AA29068AD50036D231 /* MapboxCoreMaps.xcframework */; settings = {ATTRIBUTES = (CodeSignOnCopy, RemoveHeadersOnCopy, ); }; };
/* End PBXBuildFile section */

/* Begin PBXCopyFilesBuildPhase section */
		FAD134B529068AD60036D231 /* Embed Frameworks */ = {
			isa = PBXCopyFilesBuildPhase;
			buildActionMask = 2147483647;
			dstPath = "";
			dstSubfolderSpec = 10;
			files = (
				FAD134B429068AD60036D231 /* MapboxCoreMaps.xcframework in Embed Frameworks */,
				FAD134AC29068AD60036D231 /* Turf.xcframework in Embed Frameworks */,
				FAD134B229068AD60036D231 /* MapboxMobileEvents.xcframework in Embed Frameworks */,
				FAD134B029068AD60036D231 /* MapboxCommon.xcframework in Embed Frameworks */,
				FAD134AE29068AD60036D231 /* MapboxMaps.xcframework in Embed Frameworks */,
			);
			name = "Embed Frameworks";
			runOnlyForDeploymentPostprocessing = 0;
		};
/* End PBXCopyFilesBuildPhase section */

/* Begin PBXFileReference section */
		84037D0C2B04A58D00CB24F3 /* DashboardLalinModel.swift */ = {isa = PBXFileReference; lastKnownFileType = sourcecode.swift; path = DashboardLalinModel.swift; sourceTree = "<group>"; };
		8408F6872BEF2914006E2386 /* SetLocalStorage.swift */ = {isa = PBXFileReference; lastKnownFileType = sourcecode.swift; path = SetLocalStorage.swift; sourceTree = "<group>"; };
		840E1CB6294493D0007788BC /* DetailEventLalin.swift */ = {isa = PBXFileReference; lastKnownFileType = sourcecode.swift; path = DetailEventLalin.swift; sourceTree = "<group>"; };
		842ED97E2ACD15BF003A2F13 /* datakegiatan.json */ = {isa = PBXFileReference; fileEncoding = 4; lastKnownFileType = text.json; path = datakegiatan.json; sourceTree = "<group>"; };
		845B42F22AD6315E0080045F /* perjalur.json */ = {isa = PBXFileReference; fileEncoding = 4; lastKnownFileType = text.json; path = perjalur.json; sourceTree = "<group>"; };
		845F35802AC27FF50046D0D3 /* xample.json */ = {isa = PBXFileReference; lastKnownFileType = text.json; path = xample.json; sourceTree = "<group>"; };
		846D781A2AF4560600B4DAAE /* WaterLevelSensor.swift */ = {isa = PBXFileReference; lastKnownFileType = sourcecode.swift; path = WaterLevelSensor.swift; sourceTree = "<group>"; };
		846E75252BEAEFC70079ADDF /* VideoPlayer.swift */ = {isa = PBXFileReference; lastKnownFileType = sourcecode.swift; path = VideoPlayer.swift; sourceTree = "<group>"; };
		84705DA52AF3DD3B000732D0 /* RuasView.swift */ = {isa = PBXFileReference; lastKnownFileType = sourcecode.swift; path = RuasView.swift; sourceTree = "<group>"; };
		8490317129363E47003A8280 /* CctvCarousel.swift */ = {isa = PBXFileReference; lastKnownFileType = sourcecode.swift; path = CctvCarousel.swift; sourceTree = "<group>"; };
		8494E4B4294AACC600AC11FE /* GangguanLalinModel.swift */ = {isa = PBXFileReference; lastKnownFileType = sourcecode.swift; path = GangguanLalinModel.swift; sourceTree = "<group>"; };
		8494E4B6294AB23A00AC11FE /* GangguanModal.swift */ = {isa = PBXFileReference; lastKnownFileType = sourcecode.swift; path = GangguanModal.swift; sourceTree = "<group>"; };
		8494E4B8294ABC6100AC11FE /* RekaysaLalinModel.swift */ = {isa = PBXFileReference; lastKnownFileType = sourcecode.swift; path = RekaysaLalinModel.swift; sourceTree = "<group>"; };
		8494E4BA294ABF5500AC11FE /* RekayasaLalinModal.swift */ = {isa = PBXFileReference; lastKnownFileType = sourcecode.swift; path = RekayasaLalinModal.swift; sourceTree = "<group>"; };
		8494E4BC294AC27600AC11FE /* LineRekayasaLalinModel.swift */ = {isa = PBXFileReference; lastKnownFileType = sourcecode.swift; path = LineRekayasaLalinModel.swift; sourceTree = "<group>"; };
		8494E4BE294AF68300AC11FE /* BatasKmModel.swift */ = {isa = PBXFileReference; lastKnownFileType = sourcecode.swift; path = BatasKmModel.swift; sourceTree = "<group>"; };
		8494E4C0294B031F00AC11FE /* JalanPenghubungModel.swift */ = {isa = PBXFileReference; lastKnownFileType = sourcecode.swift; path = JalanPenghubungModel.swift; sourceTree = "<group>"; };
		8494E4C2294B0EBE00AC11FE /* GerbangTollModel.swift */ = {isa = PBXFileReference; lastKnownFileType = sourcecode.swift; path = GerbangTollModel.swift; sourceTree = "<group>"; };
		8494E4C4294B13B100AC11FE /* GerbangTollModal.swift */ = {isa = PBXFileReference; lastKnownFileType = sourcecode.swift; path = GerbangTollModal.swift; sourceTree = "<group>"; };
		84A0B4DC2947EEED006260FD /* vmsModel.swift */ = {isa = PBXFileReference; lastKnownFileType = sourcecode.swift; path = vmsModel.swift; sourceTree = "<group>"; };
		84A0B4DE2947FE1F006260FD /* vmsModal.swift */ = {isa = PBXFileReference; lastKnownFileType = sourcecode.swift; path = vmsModal.swift; sourceTree = "<group>"; };
		84A0B4E029482527006260FD /* JID.COM.entitlements */ = {isa = PBXFileReference; lastKnownFileType = text.plist.entitlements; path = JID.COM.entitlements; sourceTree = "<group>"; };
		84A2898A2B040C8100B665C7 /* DataGangguan.swift */ = {isa = PBXFileReference; lastKnownFileType = sourcecode.swift; path = DataGangguan.swift; sourceTree = "<group>"; };
		84A2898D2B0443BD00B665C7 /* MonitoringAlat.swift */ = {isa = PBXFileReference; lastKnownFileType = sourcecode.swift; path = MonitoringAlat.swift; sourceTree = "<group>"; };
		84C057D42C05D10800E7DEB3 /* GoogleService-Info.plist */ = {isa = PBXFileReference; fileEncoding = 4; lastKnownFileType = text.plist.xml; name = "GoogleService-Info.plist"; path = "../../GooggleService JID/GoogleService-Info.plist"; sourceTree = "<group>"; };
		84CEE4D32919201D0092B333 /* SplashScrean.swift */ = {isa = PBXFileReference; lastKnownFileType = sourcecode.swift; path = SplashScrean.swift; sourceTree = "<group>"; };
		84CEE4D52919270D0092B333 /* AntrianPage.swift */ = {isa = PBXFileReference; lastKnownFileType = sourcecode.swift; path = AntrianPage.swift; sourceTree = "<group>"; };
		84CEE4D729192C900092B333 /* RealtimePage.swift */ = {isa = PBXFileReference; lastKnownFileType = sourcecode.swift; path = RealtimePage.swift; sourceTree = "<group>"; };
		84D7EA7729529F9800F98EF7 /* HistoriNotifModel.swift */ = {isa = PBXFileReference; lastKnownFileType = sourcecode.swift; path = HistoriNotifModel.swift; sourceTree = "<group>"; };
		84D7EA792952A33500F98EF7 /* HistoriNotif.swift */ = {isa = PBXFileReference; lastKnownFileType = sourcecode.swift; path = HistoriNotif.swift; sourceTree = "<group>"; };
		84D94FF22955BA7400637CED /* lalin.json */ = {isa = PBXFileReference; fileEncoding = 4; lastKnownFileType = text.json; path = lalin.json; sourceTree = "<group>"; };
		84D94FF32955BA7400637CED /* toll.json */ = {isa = PBXFileReference; fileEncoding = 4; lastKnownFileType = text.json; path = toll.json; sourceTree = "<group>"; };
		84D94FF62955C9D000637CED /* lalin.json */ = {isa = PBXFileReference; lastKnownFileType = text.json; name = lalin.json; path = ../../lalin.json; sourceTree = "<group>"; };
		84DBF788294C695800B6578C /* RestAreaModel.swift */ = {isa = PBXFileReference; lastKnownFileType = sourcecode.swift; path = RestAreaModel.swift; sourceTree = "<group>"; };
		84DBF78A294D3C6B00B6578C /* ResAreaModal.swift */ = {isa = PBXFileReference; lastKnownFileType = sourcecode.swift; path = ResAreaModal.swift; sourceTree = "<group>"; };
		84DBF78C294D750F00B6578C /* RtmsModel.swift */ = {isa = PBXFileReference; lastKnownFileType = sourcecode.swift; path = RtmsModel.swift; sourceTree = "<group>"; };
		84DBF78E294D76E300B6578C /* RtmsModal.swift */ = {isa = PBXFileReference; lastKnownFileType = sourcecode.swift; path = RtmsModal.swift; sourceTree = "<group>"; };
		84DBF790294D966E00B6578C /* Rtms2Model.swift */ = {isa = PBXFileReference; lastKnownFileType = sourcecode.swift; path = Rtms2Model.swift; sourceTree = "<group>"; };
		84DBF792294D983C00B6578C /* Rtms2Modal.swift */ = {isa = PBXFileReference; lastKnownFileType = sourcecode.swift; path = Rtms2Modal.swift; sourceTree = "<group>"; };
		84DBF794294DA14200B6578C /* RadarModel.swift */ = {isa = PBXFileReference; lastKnownFileType = sourcecode.swift; path = RadarModel.swift; sourceTree = "<group>"; };
		84DBF796294DA45100B6578C /* RadarModal.swift */ = {isa = PBXFileReference; lastKnownFileType = sourcecode.swift; path = RadarModal.swift; sourceTree = "<group>"; };
		84DBF79A294DB2BB00B6578C /* SpeedModel.swift */ = {isa = PBXFileReference; lastKnownFileType = sourcecode.swift; path = SpeedModel.swift; sourceTree = "<group>"; };
		84DBF79C294DB62500B6578C /* SpeedModal.swift */ = {isa = PBXFileReference; lastKnownFileType = sourcecode.swift; path = SpeedModal.swift; sourceTree = "<group>"; };
		84DBF79E294EC46F00B6578C /* WaterLevelModel.swift */ = {isa = PBXFileReference; lastKnownFileType = sourcecode.swift; path = WaterLevelModel.swift; sourceTree = "<group>"; };
		84DBF7A0294EC90000B6578C /* WaterLevelModal.swift */ = {isa = PBXFileReference; lastKnownFileType = sourcecode.swift; path = WaterLevelModal.swift; sourceTree = "<group>"; };
		84DBF7A2294ECC5000B6578C /* PompaBanjirModel.swift */ = {isa = PBXFileReference; lastKnownFileType = sourcecode.swift; path = PompaBanjirModel.swift; sourceTree = "<group>"; };
		84DBF7A4294ECD7C00B6578C /* PompaBanjirModal.swift */ = {isa = PBXFileReference; lastKnownFileType = sourcecode.swift; path = PompaBanjirModal.swift; sourceTree = "<group>"; };
		84DBF7A6294ED77F00B6578C /* WimModel.swift */ = {isa = PBXFileReference; lastKnownFileType = sourcecode.swift; path = WimModel.swift; sourceTree = "<group>"; };
		84DBF7A8294EDA2E00B6578C /* WimModal.swift */ = {isa = PBXFileReference; lastKnownFileType = sourcecode.swift; path = WimModal.swift; sourceTree = "<group>"; };
		84DBF7AA294EDE6B00B6578C /* BikeModel.swift */ = {isa = PBXFileReference; lastKnownFileType = sourcecode.swift; path = BikeModel.swift; sourceTree = "<group>"; };
		84DBF7AC294EDFE900B6578C /* GpsKendaraanModel.swift */ = {isa = PBXFileReference; lastKnownFileType = sourcecode.swift; path = GpsKendaraanModel.swift; sourceTree = "<group>"; };
		84E8BCA32954984A00815AF9 /* MidasModel.swift */ = {isa = PBXFileReference; lastKnownFileType = sourcecode.swift; path = MidasModel.swift; sourceTree = "<group>"; };
		84FE5F412AB947C1002DAE6B /* MainDashboard.swift */ = {isa = PBXFileReference; lastKnownFileType = sourcecode.swift; path = MainDashboard.swift; sourceTree = "<group>"; };
		84FE5F482ABAF55C002DAE6B /* DashLaluLintas.swift */ = {isa = PBXFileReference; lastKnownFileType = sourcecode.swift; path = DashLaluLintas.swift; sourceTree = "<group>"; };
		84FE5F4F2ABAF5CE002DAE6B /* DataPemeliharaan.swift */ = {isa = PBXFileReference; lastKnownFileType = sourcecode.swift; path = DataPemeliharaan.swift; sourceTree = "<group>"; };
		FA0BBEDB28E295CD000278C6 /* SegmentModel.swift */ = {isa = PBXFileReference; lastKnownFileType = sourcecode.swift; path = SegmentModel.swift; sourceTree = "<group>"; };
		FA16400A28D953E100954717 /* SegmentRuas.swift */ = {isa = PBXFileReference; lastKnownFileType = sourcecode.swift; path = SegmentRuas.swift; sourceTree = "<group>"; };
		FA16400C28D954D200954717 /* Writer.swift */ = {isa = PBXFileReference; lastKnownFileType = sourcecode.swift; path = Writer.swift; sourceTree = "<group>"; };
		FA16400E28DAEB0B00954717 /* KejadianLalin.swift */ = {isa = PBXFileReference; lastKnownFileType = sourcecode.swift; path = KejadianLalin.swift; sourceTree = "<group>"; };
		FA16401228DB490F00954717 /* MenuDashboard.swift */ = {isa = PBXFileReference; lastKnownFileType = sourcecode.swift; path = MenuDashboard.swift; sourceTree = "<group>"; };
		FA16401428DBE02900954717 /* WebviewDashboard.swift */ = {isa = PBXFileReference; lastKnownFileType = sourcecode.swift; path = WebviewDashboard.swift; sourceTree = "<group>"; };
		FA16401628DBE35800954717 /* WebviewPresent.swift */ = {isa = PBXFileReference; lastKnownFileType = sourcecode.swift; path = WebviewPresent.swift; sourceTree = "<group>"; };
		FA32DA8B28B3D1B5006C6B0F /* PemeliharaanModel.swift */ = {isa = PBXFileReference; lastKnownFileType = sourcecode.swift; path = PemeliharaanModel.swift; sourceTree = "<group>"; };
		FA3E42DD28A3620E00C30323 /* catatan.swift */ = {isa = PBXFileReference; lastKnownFileType = sourcecode.swift; path = catatan.swift; sourceTree = "<group>"; };
		FA3E42E328A3732600C30323 /* RestApiController.swift */ = {isa = PBXFileReference; lastKnownFileType = sourcecode.swift; path = RestApiController.swift; sourceTree = "<group>"; };
		FA3E42E528A38A7B00C30323 /* ColorSet.swift */ = {isa = PBXFileReference; lastKnownFileType = sourcecode.swift; path = ColorSet.swift; sourceTree = "<group>"; };
		FA3E42F128A3B9D500C30323 /* LoginModel.swift */ = {isa = PBXFileReference; lastKnownFileType = sourcecode.swift; path = LoginModel.swift; sourceTree = "<group>"; };
		FA6BF78B289EC043006EECC0 /* JID.app */ = {isa = PBXFileReference; explicitFileType = wrapper.application; includeInIndex = 0; path = JID.app; sourceTree = BUILT_PRODUCTS_DIR; };
		FA6BF78E289EC043006EECC0 /* JID_COMApp.swift */ = {isa = PBXFileReference; lastKnownFileType = sourcecode.swift; path = JID_COMApp.swift; sourceTree = "<group>"; };
		FA6BF790289EC043006EECC0 /* ContentView.swift */ = {isa = PBXFileReference; lastKnownFileType = sourcecode.swift; path = ContentView.swift; sourceTree = "<group>"; };
		FA6BF792289EC047006EECC0 /* Assets.xcassets */ = {isa = PBXFileReference; lastKnownFileType = folder.assetcatalog; path = Assets.xcassets; sourceTree = "<group>"; };
		FA6BF795289EC047006EECC0 /* Preview Assets.xcassets */ = {isa = PBXFileReference; lastKnownFileType = folder.assetcatalog; path = "Preview Assets.xcassets"; sourceTree = "<group>"; };
		FA6BF79C289EC070006EECC0 /* MapBoxMapView.swift */ = {isa = PBXFileReference; lastKnownFileType = sourcecode.swift; path = MapBoxMapView.swift; sourceTree = "<group>"; };
		FA6BF7A8289EC122006EECC0 /* JID-COM-Info.plist */ = {isa = PBXFileReference; lastKnownFileType = text.plist; path = "JID-COM-Info.plist"; sourceTree = SOURCE_ROOT; };
		FA7A2A3928F1B4B4005672CC /* Layerset.swift */ = {isa = PBXFileReference; lastKnownFileType = sourcecode.swift; path = Layerset.swift; sourceTree = "<group>"; };
		FA7A2A3B28F290B3005672CC /* LayerList.swift */ = {isa = PBXFileReference; lastKnownFileType = sourcecode.swift; path = LayerList.swift; sourceTree = "<group>"; };
		FA7B35A128B343DB0022FCC1 /* TollModel.swift */ = {isa = PBXFileReference; lastKnownFileType = sourcecode.swift; path = TollModel.swift; sourceTree = "<group>"; };
		FA7B35A328B348A10022FCC1 /* LalinModel.swift */ = {isa = PBXFileReference; lastKnownFileType = sourcecode.swift; path = LalinModel.swift; sourceTree = "<group>"; };
		FA7FE4CA28A56DB200669633 /* GetIP.swift */ = {isa = PBXFileReference; lastKnownFileType = sourcecode.swift; path = GetIP.swift; sourceTree = "<group>"; };
		FA7FE4CC28A6472500669633 /* ConManager.swift */ = {isa = PBXFileReference; lastKnownFileType = sourcecode.swift; path = ConManager.swift; sourceTree = "<group>"; };
		FA8A12A828E2B3F700EECFD3 /* CctvSegemnt.swift */ = {isa = PBXFileReference; lastKnownFileType = sourcecode.swift; path = CctvSegemnt.swift; sourceTree = "<group>"; };
		FA8A12AA28E2CE8A00EECFD3 /* ListCctvModel.swift */ = {isa = PBXFileReference; lastKnownFileType = sourcecode.swift; path = ListCctvModel.swift; sourceTree = "<group>"; };
		FA8A12AC28E3EDFE00EECFD3 /* CctvMapModel.swift */ = {isa = PBXFileReference; lastKnownFileType = sourcecode.swift; path = CctvMapModel.swift; sourceTree = "<group>"; };
		FA8A12AE28E427C900EECFD3 /* ImageLoad.swift */ = {isa = PBXFileReference; lastKnownFileType = sourcecode.swift; path = ImageLoad.swift; sourceTree = "<group>"; };
		FA8A12B228E4364A00EECFD3 /* WriteImg.swift */ = {isa = PBXFileReference; lastKnownFileType = sourcecode.swift; path = WriteImg.swift; sourceTree = "<group>"; };
		FA8A12BB28E52D1E00EECFD3 /* SnapImgSingle.swift */ = {isa = PBXFileReference; lastKnownFileType = sourcecode.swift; path = SnapImgSingle.swift; sourceTree = "<group>"; };
		FAAFB0AB28D06E7700F8DE63 /* MainPage.swift */ = {isa = PBXFileReference; lastKnownFileType = sourcecode.swift; path = MainPage.swift; sourceTree = "<group>"; };
		FAAFB0B128D2AB3E00F8DE63 /* HomePage.swift */ = {isa = PBXFileReference; lastKnownFileType = sourcecode.swift; path = HomePage.swift; sourceTree = "<group>"; };
		FAAFB0B328D2DC0C00F8DE63 /* CctvPage.swift */ = {isa = PBXFileReference; lastKnownFileType = sourcecode.swift; path = CctvPage.swift; sourceTree = "<group>"; };
		FAAFB0B728D2F83300F8DE63 /* Ruasmodel.swift */ = {isa = PBXFileReference; lastKnownFileType = sourcecode.swift; path = Ruasmodel.swift; sourceTree = "<group>"; };
		FABA168E28B326D500BFD24D /* SetBottomSheet.swift */ = {isa = PBXFileReference; lastKnownFileType = sourcecode.swift; path = SetBottomSheet.swift; sourceTree = "<group>"; };
		FABA169128B327AC00BFD24D /* LoginPage.swift */ = {isa = PBXFileReference; lastKnownFileType = sourcecode.swift; path = LoginPage.swift; sourceTree = "<group>"; };
		FABA169328B327C600BFD24D /* MapPage.swift */ = {isa = PBXFileReference; lastKnownFileType = sourcecode.swift; path = MapPage.swift; sourceTree = "<group>"; };
		FAC0E65228BCA877007146E5 /* PemeliharaanComponent.swift */ = {isa = PBXFileReference; lastKnownFileType = sourcecode.swift; path = PemeliharaanComponent.swift; sourceTree = "<group>"; };
		FAC0E65428BCA99D007146E5 /* Initdata.swift */ = {isa = PBXFileReference; lastKnownFileType = sourcecode.swift; path = Initdata.swift; sourceTree = "<group>"; };
		FAC0E65628BCAA00007146E5 /* Dataset.swift */ = {isa = PBXFileReference; lastKnownFileType = sourcecode.swift; path = Dataset.swift; sourceTree = "<group>"; };
		FAD134A629068AD50036D231 /* Turf.xcframework */ = {isa = PBXFileReference; lastKnownFileType = wrapper.xcframework; name = Turf.xcframework; path = JID.COM/Turf.xcframework; sourceTree = "<group>"; };
		FAD134A729068AD50036D231 /* MapboxMaps.xcframework */ = {isa = PBXFileReference; lastKnownFileType = wrapper.xcframework; name = MapboxMaps.xcframework; path = JID.COM/MapboxMaps.xcframework; sourceTree = "<group>"; };
		FAD134A829068AD50036D231 /* MapboxCommon.xcframework */ = {isa = PBXFileReference; lastKnownFileType = wrapper.xcframework; name = MapboxCommon.xcframework; path = JID.COM/MapboxCommon.xcframework; sourceTree = "<group>"; };
		FAD134A929068AD50036D231 /* MapboxMobileEvents.xcframework */ = {isa = PBXFileReference; lastKnownFileType = wrapper.xcframework; name = MapboxMobileEvents.xcframework; path = JID.COM/MapboxMobileEvents.xcframework; sourceTree = "<group>"; };
		FAD134AA29068AD50036D231 /* MapboxCoreMaps.xcframework */ = {isa = PBXFileReference; lastKnownFileType = wrapper.xcframework; name = MapboxCoreMaps.xcframework; path = JID.COM/MapboxCoreMaps.xcframework; sourceTree = "<group>"; };
/* End PBXFileReference section */

/* Begin PBXFrameworksBuildPhase section */
		FA6BF788289EC043006EECC0 /* Frameworks */ = {
			isa = PBXFrameworksBuildPhase;
			buildActionMask = 2147483647;
			files = (
				84BEBD812951B4420052A189 /* FirebaseMessaging in Frameworks */,
				84B86DB72C1AA32C0067159F /* SheetDetentsModifier in Frameworks */,
				FAD134B329068AD60036D231 /* MapboxCoreMaps.xcframework in Frameworks */,
				FAD134AB29068AD60036D231 /* Turf.xcframework in Frameworks */,
				84BEBD792951B4420052A189 /* FirebaseAnalytics in Frameworks */,
				FA11848E28A0F636005C61AF /* SwiftyJSON in Frameworks */,
				84CEE4DB2919DD960092B333 /* PopupView in Frameworks */,
				FAD134B129068AD60036D231 /* MapboxMobileEvents.xcframework in Frameworks */,
				FABA168D28B2020300BFD24D /* BottomSheet in Frameworks */,
				FA7FE4C928A4D9ED00669633 /* Alamofire in Frameworks */,
				FAD134AD29068AD60036D231 /* MapboxMaps.xcframework in Frameworks */,
				FA8A12B628E48FD300EECFD3 /* SDWebImageSwiftUI in Frameworks */,
				FA8A12C128E566E500EECFD3 /* SDWebImage in Frameworks */,
				FAD134AF29068AD60036D231 /* MapboxCommon.xcframework in Frameworks */,
			);
			runOnlyForDeploymentPostprocessing = 0;
		};
/* End PBXFrameworksBuildPhase section */

/* Begin PBXGroup section */
		84A2898C2B0443A500B665C7 /* Peralatan */ = {
			isa = PBXGroup;
			children = (
				84A2898D2B0443BD00B665C7 /* MonitoringAlat.swift */,
			);
			path = Peralatan;
			sourceTree = "<group>";
		};
		84FE5F472ABAF53D002DAE6B /* Lalu Lintas */ = {
			isa = PBXGroup;
			children = (
				84FE5F482ABAF55C002DAE6B /* DashLaluLintas.swift */,
				84A2898A2B040C8100B665C7 /* DataGangguan.swift */,
			);
			path = "Lalu Lintas";
			sourceTree = "<group>";
		};
		84FE5F4E2ABAF5B1002DAE6B /* Pemeliharaan */ = {
			isa = PBXGroup;
			children = (
				84FE5F4F2ABAF5CE002DAE6B /* DataPemeliharaan.swift */,
				846D781A2AF4560600B4DAAE /* WaterLevelSensor.swift */,
			);
			name = Pemeliharaan;
			sourceTree = "<group>";
		};
		FA3E42E828A3B4B200C30323 /* Adapter */ = {
			isa = PBXGroup;
			children = (
				FA6BF79C289EC070006EECC0 /* MapBoxMapView.swift */,
				FA3E42E328A3732600C30323 /* RestApiController.swift */,
				FAC0E65428BCA99D007146E5 /* Initdata.swift */,
				FAC0E65628BCAA00007146E5 /* Dataset.swift */,
				FA16400C28D954D200954717 /* Writer.swift */,
				FA16401628DBE35800954717 /* WebviewPresent.swift */,
				FA8A12B228E4364A00EECFD3 /* WriteImg.swift */,
			);
			path = Adapter;
			sourceTree = "<group>";
		};
		FA3E42E928A3B4F300C30323 /* Tools */ = {
			isa = PBXGroup;
			children = (
				845B42F22AD6315E0080045F /* perjalur.json */,
				842ED97E2ACD15BF003A2F13 /* datakegiatan.json */,
				84D94FF22955BA7400637CED /* lalin.json */,
				84D94FF32955BA7400637CED /* toll.json */,
				FA3E42E528A38A7B00C30323 /* ColorSet.swift */,
				FA7FE4CA28A56DB200669633 /* GetIP.swift */,
				FA7FE4CC28A6472500669633 /* ConManager.swift */,
				FABA168E28B326D500BFD24D /* SetBottomSheet.swift */,
				845F35802AC27FF50046D0D3 /* xample.json */,
			);
			path = Tools;
			sourceTree = "<group>";
		};
		FA3E42F028A3B9C700C30323 /* Models */ = {
			isa = PBXGroup;
			children = (
				FA3E42F128A3B9D500C30323 /* LoginModel.swift */,
				FA7B35A128B343DB0022FCC1 /* TollModel.swift */,
				FA7B35A328B348A10022FCC1 /* LalinModel.swift */,
				FA32DA8B28B3D1B5006C6B0F /* PemeliharaanModel.swift */,
				FAAFB0B728D2F83300F8DE63 /* Ruasmodel.swift */,
				FA16400E28DAEB0B00954717 /* KejadianLalin.swift */,
				FA0BBEDB28E295CD000278C6 /* SegmentModel.swift */,
				FA8A12AA28E2CE8A00EECFD3 /* ListCctvModel.swift */,
				FA8A12AC28E3EDFE00EECFD3 /* CctvMapModel.swift */,
				84A0B4DC2947EEED006260FD /* vmsModel.swift */,
				8494E4B4294AACC600AC11FE /* GangguanLalinModel.swift */,
				8494E4B8294ABC6100AC11FE /* RekaysaLalinModel.swift */,
				8494E4BC294AC27600AC11FE /* LineRekayasaLalinModel.swift */,
				8494E4BE294AF68300AC11FE /* BatasKmModel.swift */,
				8494E4C0294B031F00AC11FE /* JalanPenghubungModel.swift */,
				8494E4C2294B0EBE00AC11FE /* GerbangTollModel.swift */,
				84DBF788294C695800B6578C /* RestAreaModel.swift */,
				84DBF78C294D750F00B6578C /* RtmsModel.swift */,
				84DBF790294D966E00B6578C /* Rtms2Model.swift */,
				84DBF794294DA14200B6578C /* RadarModel.swift */,
				84DBF79A294DB2BB00B6578C /* SpeedModel.swift */,
				84DBF79E294EC46F00B6578C /* WaterLevelModel.swift */,
				84DBF7A2294ECC5000B6578C /* PompaBanjirModel.swift */,
				84DBF7A6294ED77F00B6578C /* WimModel.swift */,
				84DBF7AA294EDE6B00B6578C /* BikeModel.swift */,
				84DBF7AC294EDFE900B6578C /* GpsKendaraanModel.swift */,
				84D7EA7729529F9800F98EF7 /* HistoriNotifModel.swift */,
				84E8BCA32954984A00815AF9 /* MidasModel.swift */,
				84037D0C2B04A58D00CB24F3 /* DashboardLalinModel.swift */,
			);
			path = Models;
			sourceTree = "<group>";
		};
		FA6BF782289EC043006EECC0 = {
			isa = PBXGroup;
			children = (
				FA6BF78D289EC043006EECC0 /* JID.COM */,
				FA6BF78C289EC043006EECC0 /* Products */,
				FAD134A529068AD50036D231 /* Frameworks */,
			);
			sourceTree = "<group>";
		};
		FA6BF78C289EC043006EECC0 /* Products */ = {
			isa = PBXGroup;
			children = (
				FA6BF78B289EC043006EECC0 /* JID.app */,
			);
			name = Products;
			sourceTree = "<group>";
		};
		FA6BF78D289EC043006EECC0 /* JID.COM */ = {
			isa = PBXGroup;
			children = (
				84C057D42C05D10800E7DEB3 /* GoogleService-Info.plist */,
				84A0B4E029482527006260FD /* JID.COM.entitlements */,
				FAC0E64D28BC9CD0007146E5 /* Components */,
				FABA169028B3279400BFD24D /* Views */,
				FA3E42F028A3B9C700C30323 /* Models */,
				FA3E42E928A3B4F300C30323 /* Tools */,
				FA3E42E828A3B4B200C30323 /* Adapter */,
				FA6BF7A8289EC122006EECC0 /* JID-COM-Info.plist */,
				FA6BF78E289EC043006EECC0 /* JID_COMApp.swift */,
				FA6BF790289EC043006EECC0 /* ContentView.swift */,
				FA6BF792289EC047006EECC0 /* Assets.xcassets */,
				FA6BF794289EC047006EECC0 /* Preview Content */,
				FA3E42DD28A3620E00C30323 /* catatan.swift */,
			);
			path = JID.COM;
			sourceTree = "<group>";
		};
		FA6BF794289EC047006EECC0 /* Preview Content */ = {
			isa = PBXGroup;
			children = (
				FA6BF795289EC047006EECC0 /* Preview Assets.xcassets */,
			);
			path = "Preview Content";
			sourceTree = "<group>";
		};
		FABA169028B3279400BFD24D /* Views */ = {
			isa = PBXGroup;
			children = (
				84A2898C2B0443A500B665C7 /* Peralatan */,
				84FE5F4E2ABAF5B1002DAE6B /* Pemeliharaan */,
				84FE5F472ABAF53D002DAE6B /* Lalu Lintas */,
				FABA169128B327AC00BFD24D /* LoginPage.swift */,
				FABA169328B327C600BFD24D /* MapPage.swift */,
				FAAFB0AB28D06E7700F8DE63 /* MainPage.swift */,
				FAAFB0B128D2AB3E00F8DE63 /* HomePage.swift */,
				FAAFB0B328D2DC0C00F8DE63 /* CctvPage.swift */,
				FA16400A28D953E100954717 /* SegmentRuas.swift */,
				FA16401428DBE02900954717 /* WebviewDashboard.swift */,
				FA8A12A828E2B3F700EECFD3 /* CctvSegemnt.swift */,
				84CEE4D32919201D0092B333 /* SplashScrean.swift */,
				84CEE4D52919270D0092B333 /* AntrianPage.swift */,
				84CEE4D729192C900092B333 /* RealtimePage.swift */,
				84D7EA792952A33500F98EF7 /* HistoriNotif.swift */,
				84FE5F412AB947C1002DAE6B /* MainDashboard.swift */,
			);
			path = Views;
			sourceTree = "<group>";
		};
		FAC0E64D28BC9CD0007146E5 /* Components */ = {
			isa = PBXGroup;
			children = (
				FAC0E65228BCA877007146E5 /* PemeliharaanComponent.swift */,
				FA16401228DB490F00954717 /* MenuDashboard.swift */,
				FA8A12AE28E427C900EECFD3 /* ImageLoad.swift */,
				FA8A12BB28E52D1E00EECFD3 /* SnapImgSingle.swift */,
				FA7A2A3928F1B4B4005672CC /* Layerset.swift */,
				FA7A2A3B28F290B3005672CC /* LayerList.swift */,
				8490317129363E47003A8280 /* CctvCarousel.swift */,
				840E1CB6294493D0007788BC /* DetailEventLalin.swift */,
				84A0B4DE2947FE1F006260FD /* vmsModal.swift */,
				8494E4B6294AB23A00AC11FE /* GangguanModal.swift */,
				8494E4BA294ABF5500AC11FE /* RekayasaLalinModal.swift */,
				8494E4C4294B13B100AC11FE /* GerbangTollModal.swift */,
				84DBF78A294D3C6B00B6578C /* ResAreaModal.swift */,
				84DBF78E294D76E300B6578C /* RtmsModal.swift */,
				84DBF792294D983C00B6578C /* Rtms2Modal.swift */,
				84DBF796294DA45100B6578C /* RadarModal.swift */,
				84DBF79C294DB62500B6578C /* SpeedModal.swift */,
				84DBF7A0294EC90000B6578C /* WaterLevelModal.swift */,
				84DBF7A4294ECD7C00B6578C /* PompaBanjirModal.swift */,
				84DBF7A8294EDA2E00B6578C /* WimModal.swift */,
				84705DA52AF3DD3B000732D0 /* RuasView.swift */,
				846E75252BEAEFC70079ADDF /* VideoPlayer.swift */,
				8408F6872BEF2914006E2386 /* SetLocalStorage.swift */,
			);
			path = Components;
			sourceTree = "<group>";
		};
		FAD134A529068AD50036D231 /* Frameworks */ = {
			isa = PBXGroup;
			children = (
				84D94FF62955C9D000637CED /* lalin.json */,
				FAD134A829068AD50036D231 /* MapboxCommon.xcframework */,
				FAD134AA29068AD50036D231 /* MapboxCoreMaps.xcframework */,
				FAD134A729068AD50036D231 /* MapboxMaps.xcframework */,
				FAD134A929068AD50036D231 /* MapboxMobileEvents.xcframework */,
				FAD134A629068AD50036D231 /* Turf.xcframework */,
			);
			name = Frameworks;
			sourceTree = "<group>";
		};
/* End PBXGroup section */

/* Begin PBXNativeTarget section */
		FA6BF78A289EC043006EECC0 /* JID.COM */ = {
			isa = PBXNativeTarget;
			buildConfigurationList = FA6BF799289EC047006EECC0 /* Build configuration list for PBXNativeTarget "JID.COM" */;
			buildPhases = (
				FA6BF787289EC043006EECC0 /* Sources */,
				FA6BF788289EC043006EECC0 /* Frameworks */,
				FA6BF789289EC043006EECC0 /* Resources */,
				FAD134B529068AD60036D231 /* Embed Frameworks */,
			);
			buildRules = (
			);
			dependencies = (
			);
			name = JID.COM;
			packageProductDependencies = (
				FA11848D28A0F636005C61AF /* SwiftyJSON */,
				FA7FE4C828A4D9ED00669633 /* Alamofire */,
				FABA168C28B2020300BFD24D /* BottomSheet */,
				FA8A12B528E48FD300EECFD3 /* SDWebImageSwiftUI */,
				FA8A12C028E566E500EECFD3 /* SDWebImage */,
				84CEE4DA2919DD960092B333 /* PopupView */,
				84BEBD782951B4420052A189 /* FirebaseAnalytics */,
				84BEBD802951B4420052A189 /* FirebaseMessaging */,
				84B86DB62C1AA32C0067159F /* SheetDetentsModifier */,
			);
			productName = JID.COM;
			productReference = FA6BF78B289EC043006EECC0 /* JID.app */;
			productType = "com.apple.product-type.application";
		};
/* End PBXNativeTarget section */

/* Begin PBXProject section */
		FA6BF783289EC043006EECC0 /* Project object */ = {
			isa = PBXProject;
			attributes = {
				BuildIndependentTargetsInParallel = 1;
				LastSwiftUpdateCheck = 1320;
				LastUpgradeCheck = 1320;
				TargetAttributes = {
					FA6BF78A289EC043006EECC0 = {
						CreatedOnToolsVersion = 13.2.1;
					};
				};
			};
			buildConfigurationList = FA6BF786289EC043006EECC0 /* Build configuration list for PBXProject "JID.COM" */;
			compatibilityVersion = "Xcode 13.0";
			developmentRegion = en;
			hasScannedForEncodings = 0;
			knownRegions = (
				en,
				Base,
			);
			mainGroup = FA6BF782289EC043006EECC0;
			packageReferences = (
				FA11848C28A0F636005C61AF /* XCRemoteSwiftPackageReference "SwiftyJSON" */,
				FA7FE4C728A4D9ED00669633 /* XCRemoteSwiftPackageReference "Alamofire" */,
				FABA168B28B2020300BFD24D /* XCRemoteSwiftPackageReference "BottomSheet" */,
				FA8A12B428E48FD300EECFD3 /* XCRemoteSwiftPackageReference "SDWebImageSwiftUI" */,
				FA8A12BF28E566E500EECFD3 /* XCRemoteSwiftPackageReference "SDWebImage" */,
				84CEE4D92919DD960092B333 /* XCRemoteSwiftPackageReference "PopupView" */,
				84BEBD772951B4420052A189 /* XCRemoteSwiftPackageReference "firebase-ios-sdk" */,
				84B86DB52C1AA32C0067159F /* XCRemoteSwiftPackageReference "SheetDetentsModifier" */,
			);
			productRefGroup = FA6BF78C289EC043006EECC0 /* Products */;
			projectDirPath = "";
			projectRoot = "";
			targets = (
				FA6BF78A289EC043006EECC0 /* JID.COM */,
			);
		};
/* End PBXProject section */

/* Begin PBXResourcesBuildPhase section */
		FA6BF789289EC043006EECC0 /* Resources */ = {
			isa = PBXResourcesBuildPhase;
			buildActionMask = 2147483647;
			files = (
				84D94FF42955BA7400637CED /* lalin.json in Resources */,
				84C057D52C05D10800E7DEB3 /* GoogleService-Info.plist in Resources */,
				84D94FF52955BA7400637CED /* toll.json in Resources */,
				845B42F32AD6315E0080045F /* perjalur.json in Resources */,
				842ED97F2ACD15C0003A2F13 /* datakegiatan.json in Resources */,
				FA6BF796289EC047006EECC0 /* Preview Assets.xcassets in Resources */,
				FA6BF793289EC047006EECC0 /* Assets.xcassets in Resources */,
				845F35812AC27FF50046D0D3 /* xample.json in Resources */,
			);
			runOnlyForDeploymentPostprocessing = 0;
		};
/* End PBXResourcesBuildPhase section */

/* Begin PBXSourcesBuildPhase section */
		FA6BF787289EC043006EECC0 /* Sources */ = {
			isa = PBXSourcesBuildPhase;
			buildActionMask = 2147483647;
			files = (
				84A0B4DD2947EEED006260FD /* vmsModel.swift in Sources */,
				FA3E42DE28A3620E00C30323 /* catatan.swift in Sources */,
				84DBF797294DA45100B6578C /* RadarModal.swift in Sources */,
				FA6BF791289EC043006EECC0 /* ContentView.swift in Sources */,
				84E8BCA42954984A00815AF9 /* MidasModel.swift in Sources */,
				84A2898B2B040C8100B665C7 /* DataGangguan.swift in Sources */,
				84DBF7A1294EC90000B6578C /* WaterLevelModal.swift in Sources */,
				FA7FE4CB28A56DB200669633 /* GetIP.swift in Sources */,
				FA8A12B328E4364A00EECFD3 /* WriteImg.swift in Sources */,
				84FE5F502ABAF5CE002DAE6B /* DataPemeliharaan.swift in Sources */,
				84DBF7A3294ECC5000B6578C /* PompaBanjirModel.swift in Sources */,
				FAC0E65328BCA877007146E5 /* PemeliharaanComponent.swift in Sources */,
				8494E4C1294B031F00AC11FE /* JalanPenghubungModel.swift in Sources */,
				FAC0E65528BCA99D007146E5 /* Initdata.swift in Sources */,
				FA6BF78F289EC043006EECC0 /* JID_COMApp.swift in Sources */,
				84037D0D2B04A58D00CB24F3 /* DashboardLalinModel.swift in Sources */,
				84DBF79D294DB62500B6578C /* SpeedModal.swift in Sources */,
				8494E4BD294AC27600AC11FE /* LineRekayasaLalinModel.swift in Sources */,
				84FE5F492ABAF55C002DAE6B /* DashLaluLintas.swift in Sources */,
				840E1CB7294493D0007788BC /* DetailEventLalin.swift in Sources */,
				84CEE4D62919270D0092B333 /* AntrianPage.swift in Sources */,
				FABA169228B327AC00BFD24D /* LoginPage.swift in Sources */,
				FA6BF79D289EC071006EECC0 /* MapBoxMapView.swift in Sources */,
				FAAFB0B828D2F83300F8DE63 /* Ruasmodel.swift in Sources */,
				FA8A12BC28E52D1E00EECFD3 /* SnapImgSingle.swift in Sources */,
				84CEE4D829192C900092B333 /* RealtimePage.swift in Sources */,
				846D781B2AF4560600B4DAAE /* WaterLevelSensor.swift in Sources */,
				FA16401728DBE35800954717 /* WebviewPresent.swift in Sources */,
				84DBF7A7294ED77F00B6578C /* WimModel.swift in Sources */,
				84DBF789294C695800B6578C /* RestAreaModel.swift in Sources */,
				FA0BBEDC28E295CD000278C6 /* SegmentModel.swift in Sources */,
				84DBF78F294D76E300B6578C /* RtmsModal.swift in Sources */,
				84DBF795294DA14200B6578C /* RadarModel.swift in Sources */,
				FA8A12AF28E427C900EECFD3 /* ImageLoad.swift in Sources */,
				FABA169428B327C600BFD24D /* MapPage.swift in Sources */,
				84D7EA7A2952A33500F98EF7 /* HistoriNotif.swift in Sources */,
				FA8A12AD28E3EDFF00EECFD3 /* CctvMapModel.swift in Sources */,
				FA7A2A3A28F1B4B4005672CC /* Layerset.swift in Sources */,
				FA16400B28D953E100954717 /* SegmentRuas.swift in Sources */,
				FA7FE4CD28A6472500669633 /* ConManager.swift in Sources */,
				FA16400F28DAEB0B00954717 /* KejadianLalin.swift in Sources */,
				FA8A12A928E2B3F700EECFD3 /* CctvSegemnt.swift in Sources */,
				8494E4B9294ABC6100AC11FE /* RekaysaLalinModel.swift in Sources */,
				84DBF7AD294EDFE900B6578C /* GpsKendaraanModel.swift in Sources */,
				FA16400D28D954D200954717 /* Writer.swift in Sources */,
				8494E4B7294AB23A00AC11FE /* GangguanModal.swift in Sources */,
				FA3E42F228A3B9D500C30323 /* LoginModel.swift in Sources */,
				FA8A12AB28E2CE8A00EECFD3 /* ListCctvModel.swift in Sources */,
				84DBF78B294D3C6B00B6578C /* ResAreaModal.swift in Sources */,
				84DBF78D294D750F00B6578C /* RtmsModel.swift in Sources */,
				FA3E42E628A38A7B00C30323 /* ColorSet.swift in Sources */,
				FA32DA8C28B3D1B5006C6B0F /* PemeliharaanModel.swift in Sources */,
				84DBF793294D983C00B6578C /* Rtms2Modal.swift in Sources */,
				FA16401528DBE02A00954717 /* WebviewDashboard.swift in Sources */,
				8494E4BF294AF68300AC11FE /* BatasKmModel.swift in Sources */,
				FA7B35A228B343DB0022FCC1 /* TollModel.swift in Sources */,
				84CEE4D42919201D0092B333 /* SplashScrean.swift in Sources */,
				84DBF7A5294ECD7C00B6578C /* PompaBanjirModal.swift in Sources */,
				84DBF7AB294EDE6B00B6578C /* BikeModel.swift in Sources */,
				FAAFB0AC28D06E7700F8DE63 /* MainPage.swift in Sources */,
				FA16401328DB490F00954717 /* MenuDashboard.swift in Sources */,
				846E75262BEAEFC70079ADDF /* VideoPlayer.swift in Sources */,
				FAAFB0B428D2DC0D00F8DE63 /* CctvPage.swift in Sources */,
				FAAFB0B228D2AB3E00F8DE63 /* HomePage.swift in Sources */,
				84DBF79B294DB2BB00B6578C /* SpeedModel.swift in Sources */,
				FA7A2A3C28F290B3005672CC /* LayerList.swift in Sources */,
				84FE5F422AB947C1002DAE6B /* MainDashboard.swift in Sources */,
				84DBF7A9294EDA2E00B6578C /* WimModal.swift in Sources */,
				FABA168F28B326D500BFD24D /* SetBottomSheet.swift in Sources */,
				8494E4C5294B13B100AC11FE /* GerbangTollModal.swift in Sources */,
				84D7EA7829529F9800F98EF7 /* HistoriNotifModel.swift in Sources */,
				FAC0E65728BCAA00007146E5 /* Dataset.swift in Sources */,
				FA3E42E428A3732600C30323 /* RestApiController.swift in Sources */,
				8494E4B5294AACC600AC11FE /* GangguanLalinModel.swift in Sources */,
				84705DA62AF3DD3B000732D0 /* RuasView.swift in Sources */,
				84DBF791294D966E00B6578C /* Rtms2Model.swift in Sources */,
				84A0B4DF2947FE1F006260FD /* vmsModal.swift in Sources */,
				FA7B35A428B348A10022FCC1 /* LalinModel.swift in Sources */,
				8494E4C3294B0EBE00AC11FE /* GerbangTollModel.swift in Sources */,
				84A2898E2B0443BD00B665C7 /* MonitoringAlat.swift in Sources */,
				84DBF79F294EC46F00B6578C /* WaterLevelModel.swift in Sources */,
				8494E4BB294ABF5500AC11FE /* RekayasaLalinModal.swift in Sources */,
				8408F6882BEF2914006E2386 /* SetLocalStorage.swift in Sources */,
				8490317229363E47003A8280 /* CctvCarousel.swift in Sources */,
			);
			runOnlyForDeploymentPostprocessing = 0;
		};
/* End PBXSourcesBuildPhase section */

/* Begin XCBuildConfiguration section */
		FA6BF797289EC047006EECC0 /* Debug */ = {
			isa = XCBuildConfiguration;
			buildSettings = {
				ALWAYS_SEARCH_USER_PATHS = NO;
				CLANG_ANALYZER_NONNULL = YES;
				CLANG_ANALYZER_NUMBER_OBJECT_CONVERSION = YES_AGGRESSIVE;
				CLANG_CXX_LANGUAGE_STANDARD = "gnu++17";
				CLANG_CXX_LIBRARY = "libc++";
				CLANG_ENABLE_MODULES = YES;
				CLANG_ENABLE_OBJC_ARC = YES;
				CLANG_ENABLE_OBJC_WEAK = YES;
				CLANG_WARN_BLOCK_CAPTURE_AUTORELEASING = YES;
				CLANG_WARN_BOOL_CONVERSION = YES;
				CLANG_WARN_COMMA = YES;
				CLANG_WARN_CONSTANT_CONVERSION = YES;
				CLANG_WARN_DEPRECATED_OBJC_IMPLEMENTATIONS = YES;
				CLANG_WARN_DIRECT_OBJC_ISA_USAGE = YES_ERROR;
				CLANG_WARN_DOCUMENTATION_COMMENTS = YES;
				CLANG_WARN_EMPTY_BODY = YES;
				CLANG_WARN_ENUM_CONVERSION = YES;
				CLANG_WARN_INFINITE_RECURSION = YES;
				CLANG_WARN_INT_CONVERSION = YES;
				CLANG_WARN_NON_LITERAL_NULL_CONVERSION = YES;
				CLANG_WARN_OBJC_IMPLICIT_RETAIN_SELF = YES;
				CLANG_WARN_OBJC_LITERAL_CONVERSION = YES;
				CLANG_WARN_OBJC_ROOT_CLASS = YES_ERROR;
				CLANG_WARN_QUOTED_INCLUDE_IN_FRAMEWORK_HEADER = YES;
				CLANG_WARN_RANGE_LOOP_ANALYSIS = YES;
				CLANG_WARN_STRICT_PROTOTYPES = YES;
				CLANG_WARN_SUSPICIOUS_MOVE = YES;
				CLANG_WARN_UNGUARDED_AVAILABILITY = YES_AGGRESSIVE;
				CLANG_WARN_UNREACHABLE_CODE = YES;
				CLANG_WARN__DUPLICATE_METHOD_MATCH = YES;
				COPY_PHASE_STRIP = NO;
				DEBUG_INFORMATION_FORMAT = dwarf;
				ENABLE_STRICT_OBJC_MSGSEND = YES;
				ENABLE_TESTABILITY = YES;
				GCC_C_LANGUAGE_STANDARD = gnu11;
				GCC_DYNAMIC_NO_PIC = NO;
				GCC_NO_COMMON_BLOCKS = YES;
				GCC_OPTIMIZATION_LEVEL = 0;
				GCC_PREPROCESSOR_DEFINITIONS = (
					"DEBUG=1",
					"$(inherited)",
				);
				GCC_WARN_64_TO_32_BIT_CONVERSION = YES;
				GCC_WARN_ABOUT_RETURN_TYPE = YES_ERROR;
				GCC_WARN_UNDECLARED_SELECTOR = YES;
				GCC_WARN_UNINITIALIZED_AUTOS = YES_AGGRESSIVE;
				GCC_WARN_UNUSED_FUNCTION = YES;
				GCC_WARN_UNUSED_VARIABLE = YES;
				IPHONEOS_DEPLOYMENT_TARGET = 15.0;
				MTL_ENABLE_DEBUG_INFO = INCLUDE_SOURCE;
				MTL_FAST_MATH = YES;
				ONLY_ACTIVE_ARCH = YES;
				SDKROOT = iphoneos;
				SWIFT_ACTIVE_COMPILATION_CONDITIONS = DEBUG;
				SWIFT_OPTIMIZATION_LEVEL = "-Onone";
			};
			name = Debug;
		};
		FA6BF798289EC047006EECC0 /* Release */ = {
			isa = XCBuildConfiguration;
			buildSettings = {
				ALWAYS_SEARCH_USER_PATHS = NO;
				CLANG_ANALYZER_NONNULL = YES;
				CLANG_ANALYZER_NUMBER_OBJECT_CONVERSION = YES_AGGRESSIVE;
				CLANG_CXX_LANGUAGE_STANDARD = "gnu++17";
				CLANG_CXX_LIBRARY = "libc++";
				CLANG_ENABLE_MODULES = YES;
				CLANG_ENABLE_OBJC_ARC = YES;
				CLANG_ENABLE_OBJC_WEAK = YES;
				CLANG_WARN_BLOCK_CAPTURE_AUTORELEASING = YES;
				CLANG_WARN_BOOL_CONVERSION = YES;
				CLANG_WARN_COMMA = YES;
				CLANG_WARN_CONSTANT_CONVERSION = YES;
				CLANG_WARN_DEPRECATED_OBJC_IMPLEMENTATIONS = YES;
				CLANG_WARN_DIRECT_OBJC_ISA_USAGE = YES_ERROR;
				CLANG_WARN_DOCUMENTATION_COMMENTS = YES;
				CLANG_WARN_EMPTY_BODY = YES;
				CLANG_WARN_ENUM_CONVERSION = YES;
				CLANG_WARN_INFINITE_RECURSION = YES;
				CLANG_WARN_INT_CONVERSION = YES;
				CLANG_WARN_NON_LITERAL_NULL_CONVERSION = YES;
				CLANG_WARN_OBJC_IMPLICIT_RETAIN_SELF = YES;
				CLANG_WARN_OBJC_LITERAL_CONVERSION = YES;
				CLANG_WARN_OBJC_ROOT_CLASS = YES_ERROR;
				CLANG_WARN_QUOTED_INCLUDE_IN_FRAMEWORK_HEADER = YES;
				CLANG_WARN_RANGE_LOOP_ANALYSIS = YES;
				CLANG_WARN_STRICT_PROTOTYPES = YES;
				CLANG_WARN_SUSPICIOUS_MOVE = YES;
				CLANG_WARN_UNGUARDED_AVAILABILITY = YES_AGGRESSIVE;
				CLANG_WARN_UNREACHABLE_CODE = YES;
				CLANG_WARN__DUPLICATE_METHOD_MATCH = YES;
				COPY_PHASE_STRIP = NO;
				DEBUG_INFORMATION_FORMAT = "dwarf-with-dsym";
				ENABLE_NS_ASSERTIONS = NO;
				ENABLE_STRICT_OBJC_MSGSEND = YES;
				ENABLE_TESTABILITY = YES;
				GCC_C_LANGUAGE_STANDARD = gnu11;
				GCC_NO_COMMON_BLOCKS = YES;
				GCC_WARN_64_TO_32_BIT_CONVERSION = YES;
				GCC_WARN_ABOUT_RETURN_TYPE = YES_ERROR;
				GCC_WARN_UNDECLARED_SELECTOR = YES;
				GCC_WARN_UNINITIALIZED_AUTOS = YES_AGGRESSIVE;
				GCC_WARN_UNUSED_FUNCTION = YES;
				GCC_WARN_UNUSED_VARIABLE = YES;
				IPHONEOS_DEPLOYMENT_TARGET = 15.0;
				MTL_ENABLE_DEBUG_INFO = NO;
				MTL_FAST_MATH = YES;
				ONLY_ACTIVE_ARCH = YES;
				SDKROOT = iphoneos;
				SWIFT_COMPILATION_MODE = wholemodule;
				SWIFT_OPTIMIZATION_LEVEL = "-O";
				VALIDATE_PRODUCT = YES;
			};
			name = Release;
		};
		FA6BF79A289EC047006EECC0 /* Debug */ = {
			isa = XCBuildConfiguration;
			buildSettings = {
				ASSETCATALOG_COMPILER_APPICON_NAME = AppIcon;
				ASSETCATALOG_COMPILER_GLOBAL_ACCENT_COLOR_NAME = AccentColor;
				ASSETCATALOG_COMPILER_INCLUDE_ALL_APPICON_ASSETS = YES;
				CODE_SIGN_ENTITLEMENTS = JID.COM/JID.COM.entitlements;
				CODE_SIGN_IDENTITY = "Apple Development";
				CODE_SIGN_STYLE = Automatic;
				CURRENT_PROJECT_VERSION = 1.3.5;
				DEVELOPMENT_ASSET_PATHS = "JID.COM/Tools/datakegiatan.json JID.COM/Tools/perjalur.json JID.COM/Preview\\ Content JID.COM/Tools/toll.json JID.COM/Tools/lalin.json";
				DEVELOPMENT_TEAM = 537AVW7LBB;
				ENABLE_PREVIEWS = YES;
				GENERATE_INFOPLIST_FILE = YES;
				INFOPLIST_FILE = "JID-COM-Info.plist";
				INFOPLIST_KEY_CFBundleDisplayName = "JID Mobile";
				INFOPLIST_KEY_LSApplicationCategoryType = "public.app-category.utilities";
				INFOPLIST_KEY_UIApplicationSupportsIndirectInputEvents = YES;
				INFOPLIST_KEY_UILaunchScreen_Generation = YES;
				INFOPLIST_KEY_UIRequiresFullScreen = NO;
				INFOPLIST_KEY_UISupportedInterfaceOrientations = UIInterfaceOrientationPortrait;
				INFOPLIST_KEY_UISupportedInterfaceOrientations_iPad = "UIInterfaceOrientationPortrait UIInterfaceOrientationPortraitUpsideDown";
				IPHONEOS_DEPLOYMENT_TARGET = 16.0;
				LD_RUNPATH_SEARCH_PATHS = (
					"$(inherited)",
					"@executable_path/Frameworks",
				);
				MARKETING_VERSION = 1.3.3;
				PRODUCT_BUNDLE_IDENTIFIER = com.Jasamarga.jid;
				PRODUCT_NAME = JID;
				PROVISIONING_PROFILE_SPECIFIER = "";
				SUPPORTED_PLATFORMS = "iphoneos iphonesimulator";
				SUPPORTS_MACCATALYST = NO;
				SUPPORTS_MAC_DESIGNED_FOR_IPHONE_IPAD = NO;
				SWIFT_EMIT_LOC_STRINGS = YES;
				SWIFT_VERSION = 5.0;
				TARGETED_DEVICE_FAMILY = 1;
				TVOS_DEPLOYMENT_TARGET = 14.6;
			};
			name = Debug;
		};
		FA6BF79B289EC047006EECC0 /* Release */ = {
			isa = XCBuildConfiguration;
			buildSettings = {
				ASSETCATALOG_COMPILER_APPICON_NAME = AppIcon;
				ASSETCATALOG_COMPILER_GLOBAL_ACCENT_COLOR_NAME = AccentColor;
				ASSETCATALOG_COMPILER_INCLUDE_ALL_APPICON_ASSETS = YES;
				CODE_SIGN_ENTITLEMENTS = JID.COM/JID.COM.entitlements;
				CODE_SIGN_IDENTITY = "Apple Development";
				CODE_SIGN_STYLE = Automatic;
				CURRENT_PROJECT_VERSION = 1.3.5;
				DEVELOPMENT_ASSET_PATHS = "JID.COM/Tools/datakegiatan.json JID.COM/Tools/perjalur.json JID.COM/Preview\\ Content JID.COM/Tools/toll.json JID.COM/Tools/lalin.json";
				DEVELOPMENT_TEAM = 537AVW7LBB;
				ENABLE_PREVIEWS = YES;
				GENERATE_INFOPLIST_FILE = YES;
				INFOPLIST_FILE = "JID-COM-Info.plist";
				INFOPLIST_KEY_CFBundleDisplayName = "JID Mobile";
				INFOPLIST_KEY_LSApplicationCategoryType = "public.app-category.utilities";
				INFOPLIST_KEY_UIApplicationSupportsIndirectInputEvents = YES;
				INFOPLIST_KEY_UILaunchScreen_Generation = YES;
				INFOPLIST_KEY_UIRequiresFullScreen = NO;
				INFOPLIST_KEY_UISupportedInterfaceOrientations = UIInterfaceOrientationPortrait;
				INFOPLIST_KEY_UISupportedInterfaceOrientations_iPad = "UIInterfaceOrientationPortrait UIInterfaceOrientationPortraitUpsideDown";
				IPHONEOS_DEPLOYMENT_TARGET = 16.0;
				LD_RUNPATH_SEARCH_PATHS = (
					"$(inherited)",
					"@executable_path/Frameworks",
				);
				MARKETING_VERSION = 1.3.3;
				MTL_ENABLE_DEBUG_INFO = YES;
				ONLY_ACTIVE_ARCH = YES;
				PRODUCT_BUNDLE_IDENTIFIER = com.Jasamarga.jid;
				PRODUCT_NAME = JID;
				PROVISIONING_PROFILE_SPECIFIER = "";
				SUPPORTED_PLATFORMS = "iphoneos iphonesimulator";
				SUPPORTS_MACCATALYST = NO;
				SUPPORTS_MAC_DESIGNED_FOR_IPHONE_IPAD = NO;
				SWIFT_EMIT_LOC_STRINGS = YES;
				SWIFT_VERSION = 5.0;
				TARGETED_DEVICE_FAMILY = 1;
				TVOS_DEPLOYMENT_TARGET = 14.6;
			};
			name = Release;
		};
/* End XCBuildConfiguration section */

/* Begin XCConfigurationList section */
		FA6BF786289EC043006EECC0 /* Build configuration list for PBXProject "JID.COM" */ = {
			isa = XCConfigurationList;
			buildConfigurations = (
				FA6BF797289EC047006EECC0 /* Debug */,
				FA6BF798289EC047006EECC0 /* Release */,
			);
			defaultConfigurationIsVisible = 0;
			defaultConfigurationName = Debug;
		};
		FA6BF799289EC047006EECC0 /* Build configuration list for PBXNativeTarget "JID.COM" */ = {
			isa = XCConfigurationList;
			buildConfigurations = (
				FA6BF79A289EC047006EECC0 /* Debug */,
				FA6BF79B289EC047006EECC0 /* Release */,
			);
			defaultConfigurationIsVisible = 0;
			defaultConfigurationName = Debug;
		};
/* End XCConfigurationList section */

/* Begin XCRemoteSwiftPackageReference section */
		84B86DB52C1AA32C0067159F /* XCRemoteSwiftPackageReference "SheetDetentsModifier" */ = {
			isa = XCRemoteSwiftPackageReference;
			repositoryURL = "https://github.com/bartleby/SheetDetentsModifier.git";
			requirement = {
				kind = upToNextMajorVersion;
				minimumVersion = 1.0.0;
			};
		};
		84BEBD772951B4420052A189 /* XCRemoteSwiftPackageReference "firebase-ios-sdk" */ = {
			isa = XCRemoteSwiftPackageReference;
			repositoryURL = "https://github.com/firebase/firebase-ios-sdk";
			requirement = {
				kind = upToNextMajorVersion;
				minimumVersion = 9.0.0;
			};
		};
		84CEE4D92919DD960092B333 /* XCRemoteSwiftPackageReference "PopupView" */ = {
			isa = XCRemoteSwiftPackageReference;
			repositoryURL = "https://github.com/exyte/PopupView.git";
			requirement = {
				kind = upToNextMajorVersion;
				minimumVersion = 1.0.0;
			};
		};
		FA11848C28A0F636005C61AF /* XCRemoteSwiftPackageReference "SwiftyJSON" */ = {
			isa = XCRemoteSwiftPackageReference;
			repositoryURL = "https://github.com/SwiftyJSON/SwiftyJSON.git";
			requirement = {
				kind = upToNextMajorVersion;
				minimumVersion = 5.0.0;
			};
		};
		FA7FE4C728A4D9ED00669633 /* XCRemoteSwiftPackageReference "Alamofire" */ = {
			isa = XCRemoteSwiftPackageReference;
			repositoryURL = "https://github.com/Alamofire/Alamofire.git";
			requirement = {
				kind = upToNextMajorVersion;
				minimumVersion = 5.0.0;
			};
		};
		FA8A12B428E48FD300EECFD3 /* XCRemoteSwiftPackageReference "SDWebImageSwiftUI" */ = {
			isa = XCRemoteSwiftPackageReference;
			repositoryURL = "https://github.com/SDWebImage/SDWebImageSwiftUI.git";
			requirement = {
				kind = upToNextMajorVersion;
				minimumVersion = 2.0.0;
			};
		};
		FA8A12BF28E566E500EECFD3 /* XCRemoteSwiftPackageReference "SDWebImage" */ = {
			isa = XCRemoteSwiftPackageReference;
			repositoryURL = "https://github.com/SDWebImage/SDWebImage.git";
			requirement = {
				kind = upToNextMajorVersion;
				minimumVersion = 5.0.0;
			};
		};
		FABA168B28B2020300BFD24D /* XCRemoteSwiftPackageReference "BottomSheet" */ = {
			isa = XCRemoteSwiftPackageReference;
			repositoryURL = "https://github.com/LucasMucGH/BottomSheet";
			requirement = {
				kind = upToNextMajorVersion;
				minimumVersion = 3.0.0;
			};
		};
/* End XCRemoteSwiftPackageReference section */

/* Begin XCSwiftPackageProductDependency section */
		84B86DB62C1AA32C0067159F /* SheetDetentsModifier */ = {
			isa = XCSwiftPackageProductDependency;
			package = 84B86DB52C1AA32C0067159F /* XCRemoteSwiftPackageReference "SheetDetentsModifier" */;
			productName = SheetDetentsModifier;
		};
		84BEBD782951B4420052A189 /* FirebaseAnalytics */ = {
			isa = XCSwiftPackageProductDependency;
			package = 84BEBD772951B4420052A189 /* XCRemoteSwiftPackageReference "firebase-ios-sdk" */;
			productName = FirebaseAnalytics;
		};
		84BEBD802951B4420052A189 /* FirebaseMessaging */ = {
			isa = XCSwiftPackageProductDependency;
			package = 84BEBD772951B4420052A189 /* XCRemoteSwiftPackageReference "firebase-ios-sdk" */;
			productName = FirebaseMessaging;
		};
		84CEE4DA2919DD960092B333 /* PopupView */ = {
			isa = XCSwiftPackageProductDependency;
			package = 84CEE4D92919DD960092B333 /* XCRemoteSwiftPackageReference "PopupView" */;
			productName = PopupView;
		};
		FA11848D28A0F636005C61AF /* SwiftyJSON */ = {
			isa = XCSwiftPackageProductDependency;
			package = FA11848C28A0F636005C61AF /* XCRemoteSwiftPackageReference "SwiftyJSON" */;
			productName = SwiftyJSON;
		};
		FA7FE4C828A4D9ED00669633 /* Alamofire */ = {
			isa = XCSwiftPackageProductDependency;
			package = FA7FE4C728A4D9ED00669633 /* XCRemoteSwiftPackageReference "Alamofire" */;
			productName = Alamofire;
		};
		FA8A12B528E48FD300EECFD3 /* SDWebImageSwiftUI */ = {
			isa = XCSwiftPackageProductDependency;
			package = FA8A12B428E48FD300EECFD3 /* XCRemoteSwiftPackageReference "SDWebImageSwiftUI" */;
			productName = SDWebImageSwiftUI;
		};
		FA8A12C028E566E500EECFD3 /* SDWebImage */ = {
			isa = XCSwiftPackageProductDependency;
			package = FA8A12BF28E566E500EECFD3 /* XCRemoteSwiftPackageReference "SDWebImage" */;
			productName = SDWebImage;
		};
		FABA168C28B2020300BFD24D /* BottomSheet */ = {
			isa = XCSwiftPackageProductDependency;
			package = FABA168B28B2020300BFD24D /* XCRemoteSwiftPackageReference "BottomSheet" */;
			productName = BottomSheet;
		};
/* End XCSwiftPackageProductDependency section */
	};
	rootObject = FA6BF783289EC043006EECC0 /* Project object */;
}
